// !$*UTF8*$!
{
	archiveVersion = 1;
	classes = {
	};
	objectVersion = 56;
	objects = {

/* Begin PBXBuildFile section */
		2F72197029C052BB000871B1 /* AppDelegate.swift in Sources */ = {isa = PBXBuildFile; fileRef = 2F72196F29C052BB000871B1 /* AppDelegate.swift */; };
		2F72197229C052BB000871B1 /* SceneDelegate.swift in Sources */ = {isa = PBXBuildFile; fileRef = 2F72197129C052BB000871B1 /* SceneDelegate.swift */; };
		2F72197729C052BB000871B1 /* Main.storyboard in Resources */ = {isa = PBXBuildFile; fileRef = 2F72197529C052BB000871B1 /* Main.storyboard */; };
		2F72197929C052BE000871B1 /* Assets.xcassets in Resources */ = {isa = PBXBuildFile; fileRef = 2F72197829C052BE000871B1 /* Assets.xcassets */; };
		2F72197C29C052BE000871B1 /* LaunchScreen.storyboard in Resources */ = {isa = PBXBuildFile; fileRef = 2F72197A29C052BE000871B1 /* LaunchScreen.storyboard */; };
		2F72198529C053EF000871B1 /* OnboardingViewController.swift in Sources */ = {isa = PBXBuildFile; fileRef = 2F72198429C053EF000871B1 /* OnboardingViewController.swift */; };
		2F72199129C054A4000871B1 /* Lato-BlackItalic.ttf in Resources */ = {isa = PBXBuildFile; fileRef = 2F72198729C054A1000871B1 /* Lato-BlackItalic.ttf */; };
		2F72199229C054A4000871B1 /* Lato-Bold.ttf in Resources */ = {isa = PBXBuildFile; fileRef = 2F72198829C054A2000871B1 /* Lato-Bold.ttf */; };
		2F72199329C054A4000871B1 /* Lato-Regular.ttf in Resources */ = {isa = PBXBuildFile; fileRef = 2F72198929C054A2000871B1 /* Lato-Regular.ttf */; };
		2F72199429C054A4000871B1 /* Lato-LightItalic.ttf in Resources */ = {isa = PBXBuildFile; fileRef = 2F72198A29C054A2000871B1 /* Lato-LightItalic.ttf */; };
		2F72199529C054A4000871B1 /* Lato-Thin.ttf in Resources */ = {isa = PBXBuildFile; fileRef = 2F72198B29C054A2000871B1 /* Lato-Thin.ttf */; };
		2F72199629C054A4000871B1 /* Lato-Black.ttf in Resources */ = {isa = PBXBuildFile; fileRef = 2F72198C29C054A3000871B1 /* Lato-Black.ttf */; };
		2F72199729C054A4000871B1 /* Lato-Light.ttf in Resources */ = {isa = PBXBuildFile; fileRef = 2F72198D29C054A3000871B1 /* Lato-Light.ttf */; };
		2F72199829C054A4000871B1 /* Lato-ThinItalic.ttf in Resources */ = {isa = PBXBuildFile; fileRef = 2F72198E29C054A3000871B1 /* Lato-ThinItalic.ttf */; };
		2F72199929C054A4000871B1 /* Lato-Italic.ttf in Resources */ = {isa = PBXBuildFile; fileRef = 2F72198F29C054A4000871B1 /* Lato-Italic.ttf */; };
		2F72199A29C054A4000871B1 /* Lato-BoldItalic.ttf in Resources */ = {isa = PBXBuildFile; fileRef = 2F72199029C054A4000871B1 /* Lato-BoldItalic.ttf */; };
		2F72199D29C0569E000871B1 /* OnboardingSlide.swift in Sources */ = {isa = PBXBuildFile; fileRef = 2F72199C29C0569E000871B1 /* OnboardingSlide.swift */; };
		2F7219A129C0634A000871B1 /* OnboardingCollectionViewCell.swift in Sources */ = {isa = PBXBuildFile; fileRef = 2F7219A029C0634A000871B1 /* OnboardingCollectionViewCell.swift */; };
		2F7219AB29C0673F000871B1 /* SFPRODISPLAYTHINITALIC.OTF in Resources */ = {isa = PBXBuildFile; fileRef = 2F7219A229C0673F000871B1 /* SFPRODISPLAYTHINITALIC.OTF */; };
		2F7219AC29C0673F000871B1 /* SFPRODISPLAYLIGHTITALIC.OTF in Resources */ = {isa = PBXBuildFile; fileRef = 2F7219A329C0673F000871B1 /* SFPRODISPLAYLIGHTITALIC.OTF */; };
		2F7219AD29C0673F000871B1 /* SFPRODISPLAYBOLD.OTF in Resources */ = {isa = PBXBuildFile; fileRef = 2F7219A429C0673F000871B1 /* SFPRODISPLAYBOLD.OTF */; };
		2F7219AE29C0673F000871B1 /* SFPRODISPLAYSEMIBOLDITALIC.OTF in Resources */ = {isa = PBXBuildFile; fileRef = 2F7219A529C0673F000871B1 /* SFPRODISPLAYSEMIBOLDITALIC.OTF */; };
		2F7219AF29C0673F000871B1 /* SFPRODISPLAYULTRALIGHTITALIC.OTF in Resources */ = {isa = PBXBuildFile; fileRef = 2F7219A629C0673F000871B1 /* SFPRODISPLAYULTRALIGHTITALIC.OTF */; };
		2F7219B029C0673F000871B1 /* SFPRODISPLAYMEDIUM.OTF in Resources */ = {isa = PBXBuildFile; fileRef = 2F7219A729C0673F000871B1 /* SFPRODISPLAYMEDIUM.OTF */; };
		2F7219B129C0673F000871B1 /* SFPRODISPLAYREGULAR.OTF in Resources */ = {isa = PBXBuildFile; fileRef = 2F7219A829C0673F000871B1 /* SFPRODISPLAYREGULAR.OTF */; };
		2F7219B229C0673F000871B1 /* SFPRODISPLAYHEAVYITALIC.OTF in Resources */ = {isa = PBXBuildFile; fileRef = 2F7219A929C0673F000871B1 /* SFPRODISPLAYHEAVYITALIC.OTF */; };
		2F7219B329C0673F000871B1 /* SFPRODISPLAYBLACKITALIC.OTF in Resources */ = {isa = PBXBuildFile; fileRef = 2F7219AA29C0673F000871B1 /* SFPRODISPLAYBLACKITALIC.OTF */; };
/* End PBXBuildFile section */

/* Begin PBXFileReference section */
		2F72196C29C052BB000871B1 /* session1.app */ = {isa = PBXFileReference; explicitFileType = wrapper.application; includeInIndex = 0; path = session1.app; sourceTree = BUILT_PRODUCTS_DIR; };
		2F72196F29C052BB000871B1 /* AppDelegate.swift */ = {isa = PBXFileReference; lastKnownFileType = sourcecode.swift; path = AppDelegate.swift; sourceTree = "<group>"; };
		2F72197129C052BB000871B1 /* SceneDelegate.swift */ = {isa = PBXFileReference; lastKnownFileType = sourcecode.swift; path = SceneDelegate.swift; sourceTree = "<group>"; };
		2F72197629C052BB000871B1 /* Base */ = {isa = PBXFileReference; lastKnownFileType = file.storyboard; name = Base; path = Base.lproj/Main.storyboard; sourceTree = "<group>"; };
		2F72197829C052BE000871B1 /* Assets.xcassets */ = {isa = PBXFileReference; lastKnownFileType = folder.assetcatalog; path = Assets.xcassets; sourceTree = "<group>"; };
		2F72197B29C052BE000871B1 /* Base */ = {isa = PBXFileReference; lastKnownFileType = file.storyboard; name = Base; path = Base.lproj/LaunchScreen.storyboard; sourceTree = "<group>"; };
		2F72197D29C052BE000871B1 /* Info.plist */ = {isa = PBXFileReference; lastKnownFileType = text.plist.xml; path = Info.plist; sourceTree = "<group>"; };
		2F72198429C053EF000871B1 /* OnboardingViewController.swift */ = {isa = PBXFileReference; lastKnownFileType = sourcecode.swift; path = OnboardingViewController.swift; sourceTree = "<group>"; };
		2F72198729C054A1000871B1 /* Lato-BlackItalic.ttf */ = {isa = PBXFileReference; lastKnownFileType = file; name = "Lato-BlackItalic.ttf"; path = "../../../../Downloads/Lato/Lato-BlackItalic.ttf"; sourceTree = "<group>"; };
		2F72198829C054A2000871B1 /* Lato-Bold.ttf */ = {isa = PBXFileReference; lastKnownFileType = file; name = "Lato-Bold.ttf"; path = "../../../../Downloads/Lato/Lato-Bold.ttf"; sourceTree = "<group>"; };
		2F72198929C054A2000871B1 /* Lato-Regular.ttf */ = {isa = PBXFileReference; lastKnownFileType = file; name = "Lato-Regular.ttf"; path = "../../../../Downloads/Lato/Lato-Regular.ttf"; sourceTree = "<group>"; };
		2F72198A29C054A2000871B1 /* Lato-LightItalic.ttf */ = {isa = PBXFileReference; lastKnownFileType = file; name = "Lato-LightItalic.ttf"; path = "../../../../Downloads/Lato/Lato-LightItalic.ttf"; sourceTree = "<group>"; };
		2F72198B29C054A2000871B1 /* Lato-Thin.ttf */ = {isa = PBXFileReference; lastKnownFileType = file; name = "Lato-Thin.ttf"; path = "../../../../Downloads/Lato/Lato-Thin.ttf"; sourceTree = "<group>"; };
		2F72198C29C054A3000871B1 /* Lato-Black.ttf */ = {isa = PBXFileReference; lastKnownFileType = file; name = "Lato-Black.ttf"; path = "../../../../Downloads/Lato/Lato-Black.ttf"; sourceTree = "<group>"; };
		2F72198D29C054A3000871B1 /* Lato-Light.ttf */ = {isa = PBXFileReference; lastKnownFileType = file; name = "Lato-Light.ttf"; path = "../../../../Downloads/Lato/Lato-Light.ttf"; sourceTree = "<group>"; };
		2F72198E29C054A3000871B1 /* Lato-ThinItalic.ttf */ = {isa = PBXFileReference; lastKnownFileType = file; name = "Lato-ThinItalic.ttf"; path = "../../../../Downloads/Lato/Lato-ThinItalic.ttf"; sourceTree = "<group>"; };
		2F72198F29C054A4000871B1 /* Lato-Italic.ttf */ = {isa = PBXFileReference; lastKnownFileType = file; name = "Lato-Italic.ttf"; path = "../../../../Downloads/Lato/Lato-Italic.ttf"; sourceTree = "<group>"; };
		2F72199029C054A4000871B1 /* Lato-BoldItalic.ttf */ = {isa = PBXFileReference; lastKnownFileType = file; name = "Lato-BoldItalic.ttf"; path = "../../../../Downloads/Lato/Lato-BoldItalic.ttf"; sourceTree = "<group>"; };
		2F72199C29C0569E000871B1 /* OnboardingSlide.swift */ = {isa = PBXFileReference; lastKnownFileType = sourcecode.swift; path = OnboardingSlide.swift; sourceTree = "<group>"; };
		2F7219A029C0634A000871B1 /* OnboardingCollectionViewCell.swift */ = {isa = PBXFileReference; lastKnownFileType = sourcecode.swift; path = OnboardingCollectionViewCell.swift; sourceTree = "<group>"; };
		2F7219A229C0673F000871B1 /* SFPRODISPLAYTHINITALIC.OTF */ = {isa = PBXFileReference; lastKnownFileType = file; name = SFPRODISPLAYTHINITALIC.OTF; path = "../../../../Downloads/sf-pro-display-cufonfonts 2/SFPRODISPLAYTHINITALIC.OTF"; sourceTree = "<group>"; };
		2F7219A329C0673F000871B1 /* SFPRODISPLAYLIGHTITALIC.OTF */ = {isa = PBXFileReference; lastKnownFileType = file; name = SFPRODISPLAYLIGHTITALIC.OTF; path = "../../../../Downloads/sf-pro-display-cufonfonts 2/SFPRODISPLAYLIGHTITALIC.OTF"; sourceTree = "<group>"; };
		2F7219A429C0673F000871B1 /* SFPRODISPLAYBOLD.OTF */ = {isa = PBXFileReference; lastKnownFileType = file; name = SFPRODISPLAYBOLD.OTF; path = "../../../../Downloads/sf-pro-display-cufonfonts 2/SFPRODISPLAYBOLD.OTF"; sourceTree = "<group>"; };
		2F7219A529C0673F000871B1 /* SFPRODISPLAYSEMIBOLDITALIC.OTF */ = {isa = PBXFileReference; lastKnownFileType = file; name = SFPRODISPLAYSEMIBOLDITALIC.OTF; path = "../../../../Downloads/sf-pro-display-cufonfonts 2/SFPRODISPLAYSEMIBOLDITALIC.OTF"; sourceTree = "<group>"; };
		2F7219A629C0673F000871B1 /* SFPRODISPLAYULTRALIGHTITALIC.OTF */ = {isa = PBXFileReference; lastKnownFileType = file; name = SFPRODISPLAYULTRALIGHTITALIC.OTF; path = "../../../../Downloads/sf-pro-display-cufonfonts 2/SFPRODISPLAYULTRALIGHTITALIC.OTF"; sourceTree = "<group>"; };
		2F7219A729C0673F000871B1 /* SFPRODISPLAYMEDIUM.OTF */ = {isa = PBXFileReference; lastKnownFileType = file; name = SFPRODISPLAYMEDIUM.OTF; path = "../../../../Downloads/sf-pro-display-cufonfonts 2/SFPRODISPLAYMEDIUM.OTF"; sourceTree = "<group>"; };
		2F7219A829C0673F000871B1 /* SFPRODISPLAYREGULAR.OTF */ = {isa = PBXFileReference; lastKnownFileType = file; name = SFPRODISPLAYREGULAR.OTF; path = "../../../../Downloads/sf-pro-display-cufonfonts 2/SFPRODISPLAYREGULAR.OTF"; sourceTree = "<group>"; };
		2F7219A929C0673F000871B1 /* SFPRODISPLAYHEAVYITALIC.OTF */ = {isa = PBXFileReference; lastKnownFileType = file; name = SFPRODISPLAYHEAVYITALIC.OTF; path = "../../../../Downloads/sf-pro-display-cufonfonts 2/SFPRODISPLAYHEAVYITALIC.OTF"; sourceTree = "<group>"; };
		2F7219AA29C0673F000871B1 /* SFPRODISPLAYBLACKITALIC.OTF */ = {isa = PBXFileReference; lastKnownFileType = file; name = SFPRODISPLAYBLACKITALIC.OTF; path = "../../../../Downloads/sf-pro-display-cufonfonts 2/SFPRODISPLAYBLACKITALIC.OTF"; sourceTree = "<group>"; };
/* End PBXFileReference section */

/* Begin PBXFrameworksBuildPhase section */
		2F72196929C052BB000871B1 /* Frameworks */ = {
			isa = PBXFrameworksBuildPhase;
			buildActionMask = 2147483647;
			files = (
			);
			runOnlyForDeploymentPostprocessing = 0;
		};
/* End PBXFrameworksBuildPhase section */

/* Begin PBXGroup section */
		2F72196329C052BB000871B1 = {
			isa = PBXGroup;
			children = (
				2F72196E29C052BB000871B1 /* session1 */,
				2F72196D29C052BB000871B1 /* Products */,
			);
			sourceTree = "<group>";
		};
		2F72196D29C052BB000871B1 /* Products */ = {
			isa = PBXGroup;
			children = (
				2F72196C29C052BB000871B1 /* session1.app */,
			);
			name = Products;
			sourceTree = "<group>";
		};
		2F72196E29C052BB000871B1 /* session1 */ = {
			isa = PBXGroup;
			children = (
				2F72199B29C0567B000871B1 /* Models */,
				2F72198629C05463000871B1 /* Fonts */,
				2F72198329C053D1000871B1 /* Onboarding */,
				2F72196F29C052BB000871B1 /* AppDelegate.swift */,
				2F72197129C052BB000871B1 /* SceneDelegate.swift */,
				2F72197529C052BB000871B1 /* Main.storyboard */,
				2F72197829C052BE000871B1 /* Assets.xcassets */,
				2F72197A29C052BE000871B1 /* LaunchScreen.storyboard */,
				2F72197D29C052BE000871B1 /* Info.plist */,
			);
			path = session1;
			sourceTree = "<group>";
		};
		2F72198329C053D1000871B1 /* Onboarding */ = {
			isa = PBXGroup;
			children = (
				2F72198429C053EF000871B1 /* OnboardingViewController.swift */,
				2F7219A029C0634A000871B1 /* OnboardingCollectionViewCell.swift */,
			);
			path = Onboarding;
			sourceTree = "<group>";
		};
		2F72198629C05463000871B1 /* Fonts */ = {
			isa = PBXGroup;
			children = (
				2F7219AA29C0673F000871B1 /* SFPRODISPLAYBLACKITALIC.OTF */,
				2F7219A429C0673F000871B1 /* SFPRODISPLAYBOLD.OTF */,
				2F7219A929C0673F000871B1 /* SFPRODISPLAYHEAVYITALIC.OTF */,
				2F7219A329C0673F000871B1 /* SFPRODISPLAYLIGHTITALIC.OTF */,
				2F7219A729C0673F000871B1 /* SFPRODISPLAYMEDIUM.OTF */,
				2F7219A829C0673F000871B1 /* SFPRODISPLAYREGULAR.OTF */,
				2F7219A529C0673F000871B1 /* SFPRODISPLAYSEMIBOLDITALIC.OTF */,
				2F7219A229C0673F000871B1 /* SFPRODISPLAYTHINITALIC.OTF */,
				2F7219A629C0673F000871B1 /* SFPRODISPLAYULTRALIGHTITALIC.OTF */,
				2F72198C29C054A3000871B1 /* Lato-Black.ttf */,
				2F72198729C054A1000871B1 /* Lato-BlackItalic.ttf */,
				2F72198829C054A2000871B1 /* Lato-Bold.ttf */,
				2F72199029C054A4000871B1 /* Lato-BoldItalic.ttf */,
				2F72198F29C054A4000871B1 /* Lato-Italic.ttf */,
				2F72198D29C054A3000871B1 /* Lato-Light.ttf */,
				2F72198A29C054A2000871B1 /* Lato-LightItalic.ttf */,
				2F72198929C054A2000871B1 /* Lato-Regular.ttf */,
				2F72198B29C054A2000871B1 /* Lato-Thin.ttf */,
				2F72198E29C054A3000871B1 /* Lato-ThinItalic.ttf */,
			);
			path = Fonts;
			sourceTree = "<group>";
		};
		2F72199B29C0567B000871B1 /* Models */ = {
			isa = PBXGroup;
			children = (
				2F72199C29C0569E000871B1 /* OnboardingSlide.swift */,
			);
			path = Models;
			sourceTree = "<group>";
		};
/* End PBXGroup section */

/* Begin PBXNativeTarget section */
		2F72196B29C052BB000871B1 /* session1 */ = {
			isa = PBXNativeTarget;
			buildConfigurationList = 2F72198029C052BE000871B1 /* Build configuration list for PBXNativeTarget "session1" */;
			buildPhases = (
				2F72196829C052BB000871B1 /* Sources */,
				2F72196929C052BB000871B1 /* Frameworks */,
				2F72196A29C052BB000871B1 /* Resources */,
			);
			buildRules = (
			);
			dependencies = (
			);
			name = session1;
			productName = session1;
			productReference = 2F72196C29C052BB000871B1 /* session1.app */;
			productType = "com.apple.product-type.application";
		};
/* End PBXNativeTarget section */

/* Begin PBXProject section */
		2F72196429C052BB000871B1 /* Project object */ = {
			isa = PBXProject;
			attributes = {
				BuildIndependentTargetsInParallel = 1;
				LastSwiftUpdateCheck = 1420;
				LastUpgradeCheck = 1420;
				TargetAttributes = {
					2F72196B29C052BB000871B1 = {
						CreatedOnToolsVersion = 14.2;
					};
				};
			};
			buildConfigurationList = 2F72196729C052BB000871B1 /* Build configuration list for PBXProject "session1" */;
			compatibilityVersion = "Xcode 14.0";
			developmentRegion = en;
			hasScannedForEncodings = 0;
			knownRegions = (
				en,
				Base,
			);
			mainGroup = 2F72196329C052BB000871B1;
			productRefGroup = 2F72196D29C052BB000871B1 /* Products */;
			projectDirPath = "";
			projectRoot = "";
			targets = (
				2F72196B29C052BB000871B1 /* session1 */,
			);
		};
/* End PBXProject section */

/* Begin PBXResourcesBuildPhase section */
		2F72196A29C052BB000871B1 /* Resources */ = {
			isa = PBXResourcesBuildPhase;
			buildActionMask = 2147483647;
			files = (
				2F7219AB29C0673F000871B1 /* SFPRODISPLAYTHINITALIC.OTF in Resources */,
				2F72199129C054A4000871B1 /* Lato-BlackItalic.ttf in Resources */,
				2F7219AC29C0673F000871B1 /* SFPRODISPLAYLIGHTITALIC.OTF in Resources */,
				2F72199629C054A4000871B1 /* Lato-Black.ttf in Resources */,
				2F7219B029C0673F000871B1 /* SFPRODISPLAYMEDIUM.OTF in Resources */,
				2F7219B329C0673F000871B1 /* SFPRODISPLAYBLACKITALIC.OTF in Resources */,
				2F7219AE29C0673F000871B1 /* SFPRODISPLAYSEMIBOLDITALIC.OTF in Resources */,
				2F7219B229C0673F000871B1 /* SFPRODISPLAYHEAVYITALIC.OTF in Resources */,
				2F72199529C054A4000871B1 /* Lato-Thin.ttf in Resources */,
				2F72199329C054A4000871B1 /* Lato-Regular.ttf in Resources */,
				2F7219B129C0673F000871B1 /* SFPRODISPLAYREGULAR.OTF in Resources */,
				2F72199229C054A4000871B1 /* Lato-Bold.ttf in Resources */,
				2F72199729C054A4000871B1 /* Lato-Light.ttf in Resources */,
				2F72197C29C052BE000871B1 /* LaunchScreen.storyboard in Resources */,
				2F72199829C054A4000871B1 /* Lato-ThinItalic.ttf in Resources */,
				2F72197929C052BE000871B1 /* Assets.xcassets in Resources */,
				2F72197729C052BB000871B1 /* Main.storyboard in Resources */,
				2F7219AD29C0673F000871B1 /* SFPRODISPLAYBOLD.OTF in Resources */,
				2F7219AF29C0673F000871B1 /* SFPRODISPLAYULTRALIGHTITALIC.OTF in Resources */,
				2F72199929C054A4000871B1 /* Lato-Italic.ttf in Resources */,
				2F72199429C054A4000871B1 /* Lato-LightItalic.ttf in Resources */,
				2F72199A29C054A4000871B1 /* Lato-BoldItalic.ttf in Resources */,
			);
			runOnlyForDeploymentPostprocessing = 0;
		};
/* End PBXResourcesBuildPhase section */

/* Begin PBXSourcesBuildPhase section */
		2F72196829C052BB000871B1 /* Sources */ = {
			isa = PBXSourcesBuildPhase;
			buildActionMask = 2147483647;
			files = (
				2F72199D29C0569E000871B1 /* OnboardingSlide.swift in Sources */,
				2F72197029C052BB000871B1 /* AppDelegate.swift in Sources */,
				2F7219A129C0634A000871B1 /* OnboardingCollectionViewCell.swift in Sources */,
				2F72197229C052BB000871B1 /* SceneDelegate.swift in Sources */,
				2F72198529C053EF000871B1 /* OnboardingViewController.swift in Sources */,
			);
			runOnlyForDeploymentPostprocessing = 0;
		};
/* End PBXSourcesBuildPhase section */

/* Begin PBXVariantGroup section */
		2F72197529C052BB000871B1 /* Main.storyboard */ = {
			isa = PBXVariantGroup;
			children = (
				2F72197629C052BB000871B1 /* Base */,
			);
			name = Main.storyboard;
			sourceTree = "<group>";
		};
		2F72197A29C052BE000871B1 /* LaunchScreen.storyboard */ = {
			isa = PBXVariantGroup;
			children = (
				2F72197B29C052BE000871B1 /* Base */,
			);
			name = LaunchScreen.storyboard;
			sourceTree = "<group>";
		};
/* End PBXVariantGroup section */

/* Begin XCBuildConfiguration section */
		2F72197E29C052BE000871B1 /* Debug */ = {
			isa = XCBuildConfiguration;
			buildSettings = {
				ALWAYS_SEARCH_USER_PATHS = NO;
				CLANG_ANALYZER_NONNULL = YES;
				CLANG_ANALYZER_NUMBER_OBJECT_CONVERSION = YES_AGGRESSIVE;
				CLANG_CXX_LANGUAGE_STANDARD = "gnu++20";
				CLANG_ENABLE_MODULES = YES;
				CLANG_ENABLE_OBJC_ARC = YES;
				CLANG_ENABLE_OBJC_WEAK = YES;
				CLANG_WARN_BLOCK_CAPTURE_AUTORELEASING = YES;
				CLANG_WARN_BOOL_CONVERSION = YES;
				CLANG_WARN_COMMA = YES;
				CLANG_WARN_CONSTANT_CONVERSION = YES;
				CLANG_WARN_DEPRECATED_OBJC_IMPLEMENTATIONS = YES;
				CLANG_WARN_DIRECT_OBJC_ISA_USAGE = YES_ERROR;
				CLANG_WARN_DOCUMENTATION_COMMENTS = YES;
				CLANG_WARN_EMPTY_BODY = YES;
				CLANG_WARN_ENUM_CONVERSION = YES;
				CLANG_WARN_INFINITE_RECURSION = YES;
				CLANG_WARN_INT_CONVERSION = YES;
				CLANG_WARN_NON_LITERAL_NULL_CONVERSION = YES;
				CLANG_WARN_OBJC_IMPLICIT_RETAIN_SELF = YES;
				CLANG_WARN_OBJC_LITERAL_CONVERSION = YES;
				CLANG_WARN_OBJC_ROOT_CLASS = YES_ERROR;
				CLANG_WARN_QUOTED_INCLUDE_IN_FRAMEWORK_HEADER = YES;
				CLANG_WARN_RANGE_LOOP_ANALYSIS = YES;
				CLANG_WARN_STRICT_PROTOTYPES = YES;
				CLANG_WARN_SUSPICIOUS_MOVE = YES;
				CLANG_WARN_UNGUARDED_AVAILABILITY = YES_AGGRESSIVE;
				CLANG_WARN_UNREACHABLE_CODE = YES;
				CLANG_WARN__DUPLICATE_METHOD_MATCH = YES;
				COPY_PHASE_STRIP = NO;
				DEBUG_INFORMATION_FORMAT = dwarf;
				ENABLE_STRICT_OBJC_MSGSEND = YES;
				ENABLE_TESTABILITY = YES;
				GCC_C_LANGUAGE_STANDARD = gnu11;
				GCC_DYNAMIC_NO_PIC = NO;
				GCC_NO_COMMON_BLOCKS = YES;
				GCC_OPTIMIZATION_LEVEL = 0;
				GCC_PREPROCESSOR_DEFINITIONS = (
					"DEBUG=1",
					"$(inherited)",
				);
				GCC_WARN_64_TO_32_BIT_CONVERSION = YES;
				GCC_WARN_ABOUT_RETURN_TYPE = YES_ERROR;
				GCC_WARN_UNDECLARED_SELECTOR = YES;
				GCC_WARN_UNINITIALIZED_AUTOS = YES_AGGRESSIVE;
				GCC_WARN_UNUSED_FUNCTION = YES;
				GCC_WARN_UNUSED_VARIABLE = YES;
				IPHONEOS_DEPLOYMENT_TARGET = 16.2;
				MTL_ENABLE_DEBUG_INFO = INCLUDE_SOURCE;
				MTL_FAST_MATH = YES;
				ONLY_ACTIVE_ARCH = YES;
				SDKROOT = iphoneos;
				SWIFT_ACTIVE_COMPILATION_CONDITIONS = DEBUG;
				SWIFT_OPTIMIZATION_LEVEL = "-Onone";
			};
			name = Debug;
		};
		2F72197F29C052BE000871B1 /* Release */ = {
			isa = XCBuildConfiguration;
			buildSettings = {
				ALWAYS_SEARCH_USER_PATHS = NO;
				CLANG_ANALYZER_NONNULL = YES;
				CLANG_ANALYZER_NUMBER_OBJECT_CONVERSION = YES_AGGRESSIVE;
				CLANG_CXX_LANGUAGE_STANDARD = "gnu++20";
				CLANG_ENABLE_MODULES = YES;
				CLANG_ENABLE_OBJC_ARC = YES;
				CLANG_ENABLE_OBJC_WEAK = YES;
				CLANG_WARN_BLOCK_CAPTURE_AUTORELEASING = YES;
				CLANG_WARN_BOOL_CONVERSION = YES;
				CLANG_WARN_COMMA = YES;
				CLANG_WARN_CONSTANT_CONVERSION = YES;
				CLANG_WARN_DEPRECATED_OBJC_IMPLEMENTATIONS = YES;
				CLANG_WARN_DIRECT_OBJC_ISA_USAGE = YES_ERROR;
				CLANG_WARN_DOCUMENTATION_COMMENTS = YES;
				CLANG_WARN_EMPTY_BODY = YES;
				CLANG_WARN_ENUM_CONVERSION = YES;
				CLANG_WARN_INFINITE_RECURSION = YES;
				CLANG_WARN_INT_CONVERSION = YES;
				CLANG_WARN_NON_LITERAL_NULL_CONVERSION = YES;
				CLANG_WARN_OBJC_IMPLICIT_RETAIN_SELF = YES;
				CLANG_WARN_OBJC_LITERAL_CONVERSION = YES;
				CLANG_WARN_OBJC_ROOT_CLASS = YES_ERROR;
				CLANG_WARN_QUOTED_INCLUDE_IN_FRAMEWORK_HEADER = YES;
				CLANG_WARN_RANGE_LOOP_ANALYSIS = YES;
				CLANG_WARN_STRICT_PROTOTYPES = YES;
				CLANG_WARN_SUSPICIOUS_MOVE = YES;
				CLANG_WARN_UNGUARDED_AVAILABILITY = YES_AGGRESSIVE;
				CLANG_WARN_UNREACHABLE_CODE = YES;
				CLANG_WARN__DUPLICATE_METHOD_MATCH = YES;
				COPY_PHASE_STRIP = NO;
				DEBUG_INFORMATION_FORMAT = "dwarf-with-dsym";
				ENABLE_NS_ASSERTIONS = NO;
				ENABLE_STRICT_OBJC_MSGSEND = YES;
				GCC_C_LANGUAGE_STANDARD = gnu11;
				GCC_NO_COMMON_BLOCKS = YES;
				GCC_WARN_64_TO_32_BIT_CONVERSION = YES;
				GCC_WARN_ABOUT_RETURN_TYPE = YES_ERROR;
				GCC_WARN_UNDECLARED_SELECTOR = YES;
				GCC_WARN_UNINITIALIZED_AUTOS = YES_AGGRESSIVE;
				GCC_WARN_UNUSED_FUNCTION = YES;
				GCC_WARN_UNUSED_VARIABLE = YES;
				IPHONEOS_DEPLOYMENT_TARGET = 16.2;
				MTL_ENABLE_DEBUG_INFO = NO;
				MTL_FAST_MATH = YES;
				SDKROOT = iphoneos;
				SWIFT_COMPILATION_MODE = wholemodule;
				SWIFT_OPTIMIZATION_LEVEL = "-O";
				VALIDATE_PRODUCT = YES;
			};
			name = Release;
		};
		2F72198129C052BE000871B1 /* Debug */ = {
			isa = XCBuildConfiguration;
			buildSettings = {
				ASSETCATALOG_COMPILER_APPICON_NAME = AppIcon;
				ASSETCATALOG_COMPILER_GLOBAL_ACCENT_COLOR_NAME = AccentColor;
				CODE_SIGN_STYLE = Automatic;
				CURRENT_PROJECT_VERSION = 1;
				DEVELOPMENT_TEAM = S46BN2VHW2;
				GENERATE_INFOPLIST_FILE = YES;
				INFOPLIST_FILE = session1/Info.plist;
				INFOPLIST_KEY_UIApplicationSupportsIndirectInputEvents = YES;
				INFOPLIST_KEY_UILaunchStoryboardName = LaunchScreen;
				INFOPLIST_KEY_UIMainStoryboardFile = Main;
				INFOPLIST_KEY_UISupportedInterfaceOrientations_iPad = "UIInterfaceOrientationPortrait UIInterfaceOrientationPortraitUpsideDown UIInterfaceOrientationLandscapeLeft UIInterfaceOrientationLandscapeRight";
				INFOPLIST_KEY_UISupportedInterfaceOrientations_iPhone = "UIInterfaceOrientationPortrait UIInterfaceOrientationLandscapeLeft UIInterfaceOrientationLandscapeRight";
				IPHONEOS_DEPLOYMENT_TARGET = 14.0;
				LD_RUNPATH_SEARCH_PATHS = (
					"$(inherited)",
					"@executable_path/Frameworks",
				);
				MARKETING_VERSION = 1.0;
				PRODUCT_BUNDLE_IDENTIFIER = YAKSE.session1;
				PRODUCT_NAME = "$(TARGET_NAME)";
				SWIFT_EMIT_LOC_STRINGS = YES;
				SWIFT_VERSION = 5.0;
				TARGETED_DEVICE_FAMILY = "1,2";
			};
			name = Debug;
		};
		2F72198229C052BE000871B1 /* Release */ = {
			isa = XCBuildConfiguration;
			buildSettings = {
				ASSETCATALOG_COMPILER_APPICON_NAME = AppIcon;
				ASSETCATALOG_COMPILER_GLOBAL_ACCENT_COLOR_NAME = AccentColor;
				CODE_SIGN_STYLE = Automatic;
				CURRENT_PROJECT_VERSION = 1;
				DEVELOPMENT_TEAM = S46BN2VHW2;
				GENERATE_INFOPLIST_FILE = YES;
				INFOPLIST_FILE = session1/Info.plist;
				INFOPLIST_KEY_UIApplicationSupportsIndirectInputEvents = YES;
				INFOPLIST_KEY_UILaunchStoryboardName = LaunchScreen;
				INFOPLIST_KEY_UIMainStoryboardFile = Main;
				INFOPLIST_KEY_UISupportedInterfaceOrientations_iPad = "UIInterfaceOrientationPortrait UIInterfaceOrientationPortraitUpsideDown UIInterfaceOrientationLandscapeLeft UIInterfaceOrientationLandscapeRight";
				INFOPLIST_KEY_UISupportedInterfaceOrientations_iPhone = "UIInterfaceOrientationPortrait UIInterfaceOrientationLandscapeLeft UIInterfaceOrientationLandscapeRight";
				IPHONEOS_DEPLOYMENT_TARGET = 14.0;
				LD_RUNPATH_SEARCH_PATHS = (
					"$(inherited)",
					"@executable_path/Frameworks",
				);
				MARKETING_VERSION = 1.0;
				PRODUCT_BUNDLE_IDENTIFIER = YAKSE.session1;
				PRODUCT_NAME = "$(TARGET_NAME)";
				SWIFT_EMIT_LOC_STRINGS = YES;
				SWIFT_VERSION = 5.0;
				TARGETED_DEVICE_FAMILY = "1,2";
			};
			name = Release;
		};
/* End XCBuildConfiguration section */

/* Begin XCConfigurationList section */
		2F72196729C052BB000871B1 /* Build configuration list for PBXProject "session1" */ = {
			isa = XCConfigurationList;
			buildConfigurations = (
				2F72197E29C052BE000871B1 /* Debug */,
				2F72197F29C052BE000871B1 /* Release */,
			);
			defaultConfigurationIsVisible = 0;
			defaultConfigurationName = Release;
		};
		2F72198029C052BE000871B1 /* Build configuration list for PBXNativeTarget "session1" */ = {
			isa = XCConfigurationList;
			buildConfigurations = (
				2F72198129C052BE000871B1 /* Debug */,
				2F72198229C052BE000871B1 /* Release */,
			);
			defaultConfigurationIsVisible = 0;
			defaultConfigurationName = Release;
		};
/* End XCConfigurationList section */
	};
	rootObject = 2F72196429C052BB000871B1 /* Project object */;
}
